
Microsoft Visual Studio Solution File, Format Version 12.00
# Visual Studio Version 17
VisualStudioVersion = 17.0.31611.283
MinimumVisualStudioVersion = 10.0.40219.1
Project("{9A19103F-16F7-4668-BE54-9A1E7A4F7556}") = "Quran", "Quran\Quran.csproj", "{05437343-2B8E-4510-830D-654A8A830239}"
EndProject
Project("{FAE04EC0-301F-11D3-BF4B-00C04F79EFBC}") = "Quran.Infrastructure", "Infastructure\Quran.Infrastructure.csproj", "{C00890BC-7283-48A9-83D8-2CD08F826E0C}"
EndProject
Project("{FAE04EC0-301F-11D3-BF4B-00C04F79EFBC}") = "Quran.Domain", "Quran.Domain\Quran.Domain.csproj", "{F55AE7F6-5F06-4035-AEE0-6777B663A16E}"
EndProject
Project("{FAE04EC0-301F-11D3-BF4B-00C04F79EFBC}") = "Quran.UseCase", "Quran.UseCase\Quran.UseCase.csproj", "{44837C26-FEE9-4A24-B57F-D7A5EA9D507F}"
EndProject
Global
	GlobalSection(SolutionConfigurationPlatforms) = preSolution
		Debug|Any CPU = Debug|Any CPU
		Release|Any CPU = Release|Any CPU
	EndGlobalSection
	GlobalSection(ProjectConfigurationPlatforms) = postSolution
		{05437343-2B8E-4510-830D-654A8A830239}.Debug|Any CPU.ActiveCfg = Debug|Any CPU
		{05437343-2B8E-4510-830D-654A8A830239}.Debug|Any CPU.Build.0 = Debug|Any CPU
		{05437343-2B8E-4510-830D-654A8A830239}.Debug|Any CPU.Deploy.0 = Debug|Any CPU
		{05437343-2B8E-4510-830D-654A8A830239}.Release|Any CPU.ActiveCfg = Release|Any CPU
		{05437343-2B8E-4510-830D-654A8A830239}.Release|Any CPU.Build.0 = Release|Any CPU
		{05437343-2B8E-4510-830D-654A8A830239}.Release|Any CPU.Deploy.0 = Release|Any CPU
		{C00890BC-7283-48A9-83D8-2CD08F826E0C}.Debug|Any CPU.ActiveCfg = Debug|Any CPU
		{C00890BC-7283-48A9-83D8-2CD08F826E0C}.Debug|Any CPU.Build.0 = Debug|Any CPU
		{C00890BC-7283-48A9-83D8-2CD08F826E0C}.Release|Any CPU.ActiveCfg = Release|Any CPU
		{C00890BC-7283-48A9-83D8-2CD08F826E0C}.Release|Any CPU.Build.0 = Release|Any CPU
		{F55AE7F6-5F06-4035-AEE0-6777B663A16E}.Debug|Any CPU.ActiveCfg = Debug|Any CPU
		{F55AE7F6-5F06-4035-AEE0-6777B663A16E}.Debug|Any CPU.Build.0 = Debug|Any CPU
		{F55AE7F6-5F06-4035-AEE0-6777B663A16E}.Release|Any CPU.ActiveCfg = Release|Any CPU
		{F55AE7F6-5F06-4035-AEE0-6777B663A16E}.Release|Any CPU.Build.0 = Release|Any CPU
		{44837C26-FEE9-4A24-B57F-D7A5EA9D507F}.Debug|Any CPU.ActiveCfg = Debug|Any CPU
		{44837C26-FEE9-4A24-B57F-D7A5EA9D507F}.Debug|Any CPU.Build.0 = Debug|Any CPU
		{44837C26-FEE9-4A24-B57F-D7A5EA9D507F}.Release|Any CPU.ActiveCfg = Release|Any CPU
		{44837C26-FEE9-4A24-B57F-D7A5EA9D507F}.Release|Any CPU.Build.0 = Release|Any CPU
	EndGlobalSection
	GlobalSection(SolutionProperties) = preSolution
		HideSolutionNode = FALSE
	EndGlobalSection
	GlobalSection(ExtensibilityGlobals) = postSolution
		SolutionGuid = {61F7FB11-1E47-470C-91E2-47F8143E1572}
	EndGlobalSection
EndGlobal
